
Microsoft Visual Studio Solution File, Format Version 12.00
# Visual Studio 15
VisualStudioVersion = 15.0.28010.2041
MinimumVisualStudioVersion = 10.0.40219.1
Project("{FAE04EC0-301F-11D3-BF4B-00C04F79EFBC}") = "AngularSample", "AngularSample\AngularSample.csproj", "{F3BF79CE-048C-4386-A235-3A597E8E7046}"
EndProject
Project("{FAE04EC0-301F-11D3-BF4B-00C04F79EFBC}") = "ToDoAppWebAPI", "ToDoAppWebAPI\ToDoAppWebAPI.csproj", "{38A9003A-4868-4921-9CF3-C97F887811A9}"
EndProject
Global
	GlobalSection(SolutionConfigurationPlatforms) = preSolution
		Debug|Any CPU = Debug|Any CPU
		Release|Any CPU = Release|Any CPU
	EndGlobalSection
	GlobalSection(ProjectConfigurationPlatforms) = postSolution
		{F3BF79CE-048C-4386-A235-3A597E8E7046}.Debug|Any CPU.ActiveCfg = Debug|Any CPU
		{F3BF79CE-048C-4386-A235-3A597E8E7046}.Debug|Any CPU.Build.0 = Debug|Any CPU
		{F3BF79CE-048C-4386-A235-3A597E8E7046}.Release|Any CPU.ActiveCfg = Release|Any CPU
		{F3BF79CE-048C-4386-A235-3A597E8E7046}.Release|Any CPU.Build.0 = Release|Any CPU
		{38A9003A-4868-4921-9CF3-C97F887811A9}.Debug|Any CPU.ActiveCfg = Debug|Any CPU
		{38A9003A-4868-4921-9CF3-C97F887811A9}.Debug|Any CPU.Build.0 = Debug|Any CPU
		{38A9003A-4868-4921-9CF3-C97F887811A9}.Release|Any CPU.ActiveCfg = Release|Any CPU
		{38A9003A-4868-4921-9CF3-C97F887811A9}.Release|Any CPU.Build.0 = Release|Any CPU
	EndGlobalSection
	GlobalSection(SolutionProperties) = preSolution
		HideSolutionNode = FALSE
	EndGlobalSection
	GlobalSection(ExtensibilityGlobals) = postSolution
		SolutionGuid = {348AB6A7-A1A4-4186-BCFA-61D7B3C95E47}
	EndGlobalSection
EndGlobal
